
Microsoft Visual Studio Solution File, Format Version 12.00
# Visual Studio Version 17
VisualStudioVersion = 17.0.31903.59
MinimumVisualStudioVersion = 10.0.40219.1
Project("{2150E333-8FDC-42A3-9474-1A3956D46DE8}") = "src", "src", "{827E0CD3-B72D-47B6-A68D-7590B98EB39B}"
EndProject
Project("{FAE04EC0-301F-11D3-BF4B-00C04F79EFBC}") = "Wham.Domain", "src\Wham.Domain\Wham.Domain.csproj", "{30F576B3-064C-4B67-BFC1-640753C2C878}"
EndProject
Project("{FAE04EC0-301F-11D3-BF4B-00C04F79EFBC}") = "Wham.Infrastructure", "src\Wham.Infrastructure\Wham.Infrastructure.csproj", "{89B93048-4BF3-4AF4-839A-F677FFA126E1}"
EndProject
Project("{FAE04EC0-301F-11D3-BF4B-00C04F79EFBC}") = "Wham.Underwriting", "src\Wham.Underwriting\Wham.Underwriting.csproj", "{2DF37B0D-8122-4837-8586-8E000616847C}"
EndProject
Project("{FAE04EC0-301F-11D3-BF4B-00C04F79EFBC}") = "Wham.Indexer", "src\Wham.Indexer\Wham.Indexer.csproj", "{3D56E7D4-46C8-42BC-A233-8F965090DD02}"
EndProject
Project("{FAE04EC0-301F-11D3-BF4B-00C04F79EFBC}") = "Wham.Workers", "src\Wham.Workers\Wham.Workers.csproj", "{B853EC96-FD9E-4C7B-96DF-6DF997F6981C}"
EndProject
Project("{FAE04EC0-301F-11D3-BF4B-00C04F79EFBC}") = "Wham.Api", "src\Wham.Api\Wham.Api.csproj", "{29C897AE-4A76-443C-BE0E-4A7AB4C8615E}"
EndProject
Global
	GlobalSection(SolutionConfigurationPlatforms) = preSolution
		Debug|Any CPU = Debug|Any CPU
		Debug|x64 = Debug|x64
		Debug|x86 = Debug|x86
		Release|Any CPU = Release|Any CPU
		Release|x64 = Release|x64
		Release|x86 = Release|x86
	EndGlobalSection
	GlobalSection(ProjectConfigurationPlatforms) = postSolution
		{30F576B3-064C-4B67-BFC1-640753C2C878}.Debug|Any CPU.ActiveCfg = Debug|Any CPU
		{30F576B3-064C-4B67-BFC1-640753C2C878}.Debug|Any CPU.Build.0 = Debug|Any CPU
		{30F576B3-064C-4B67-BFC1-640753C2C878}.Debug|x64.ActiveCfg = Debug|Any CPU
		{30F576B3-064C-4B67-BFC1-640753C2C878}.Debug|x64.Build.0 = Debug|Any CPU
		{30F576B3-064C-4B67-BFC1-640753C2C878}.Debug|x86.ActiveCfg = Debug|Any CPU
		{30F576B3-064C-4B67-BFC1-640753C2C878}.Debug|x86.Build.0 = Debug|Any CPU
		{30F576B3-064C-4B67-BFC1-640753C2C878}.Release|Any CPU.ActiveCfg = Release|Any CPU
		{30F576B3-064C-4B67-BFC1-640753C2C878}.Release|Any CPU.Build.0 = Release|Any CPU
		{30F576B3-064C-4B67-BFC1-640753C2C878}.Release|x64.ActiveCfg = Release|Any CPU
		{30F576B3-064C-4B67-BFC1-640753C2C878}.Release|x64.Build.0 = Release|Any CPU
		{30F576B3-064C-4B67-BFC1-640753C2C878}.Release|x86.ActiveCfg = Release|Any CPU
		{30F576B3-064C-4B67-BFC1-640753C2C878}.Release|x86.Build.0 = Release|Any CPU
		{89B93048-4BF3-4AF4-839A-F677FFA126E1}.Debug|Any CPU.ActiveCfg = Debug|Any CPU
		{89B93048-4BF3-4AF4-839A-F677FFA126E1}.Debug|Any CPU.Build.0 = Debug|Any CPU
		{89B93048-4BF3-4AF4-839A-F677FFA126E1}.Debug|x64.ActiveCfg = Debug|Any CPU
		{89B93048-4BF3-4AF4-839A-F677FFA126E1}.Debug|x64.Build.0 = Debug|Any CPU
		{89B93048-4BF3-4AF4-839A-F677FFA126E1}.Debug|x86.ActiveCfg = Debug|Any CPU
		{89B93048-4BF3-4AF4-839A-F677FFA126E1}.Debug|x86.Build.0 = Debug|Any CPU
		{89B93048-4BF3-4AF4-839A-F677FFA126E1}.Release|Any CPU.ActiveCfg = Release|Any CPU
		{89B93048-4BF3-4AF4-839A-F677FFA126E1}.Release|Any CPU.Build.0 = Release|Any CPU
		{89B93048-4BF3-4AF4-839A-F677FFA126E1}.Release|x64.ActiveCfg = Release|Any CPU
		{89B93048-4BF3-4AF4-839A-F677FFA126E1}.Release|x64.Build.0 = Release|Any CPU
		{89B93048-4BF3-4AF4-839A-F677FFA126E1}.Release|x86.ActiveCfg = Release|Any CPU
		{89B93048-4BF3-4AF4-839A-F677FFA126E1}.Release|x86.Build.0 = Release|Any CPU
		{2DF37B0D-8122-4837-8586-8E000616847C}.Debug|Any CPU.ActiveCfg = Debug|Any CPU
		{2DF37B0D-8122-4837-8586-8E000616847C}.Debug|Any CPU.Build.0 = Debug|Any CPU
		{2DF37B0D-8122-4837-8586-8E000616847C}.Debug|x64.ActiveCfg = Debug|Any CPU
		{2DF37B0D-8122-4837-8586-8E000616847C}.Debug|x64.Build.0 = Debug|Any CPU
		{2DF37B0D-8122-4837-8586-8E000616847C}.Debug|x86.ActiveCfg = Debug|Any CPU
		{2DF37B0D-8122-4837-8586-8E000616847C}.Debug|x86.Build.0 = Debug|Any CPU
		{2DF37B0D-8122-4837-8586-8E000616847C}.Release|Any CPU.ActiveCfg = Release|Any CPU
		{2DF37B0D-8122-4837-8586-8E000616847C}.Release|Any CPU.Build.0 = Release|Any CPU
		{2DF37B0D-8122-4837-8586-8E000616847C}.Release|x64.ActiveCfg = Release|Any CPU
		{2DF37B0D-8122-4837-8586-8E000616847C}.Release|x64.Build.0 = Release|Any CPU
		{2DF37B0D-8122-4837-8586-8E000616847C}.Release|x86.ActiveCfg = Release|Any CPU
		{2DF37B0D-8122-4837-8586-8E000616847C}.Release|x86.Build.0 = Release|Any CPU
		{3D56E7D4-46C8-42BC-A233-8F965090DD02}.Debug|Any CPU.ActiveCfg = Debug|Any CPU
		{3D56E7D4-46C8-42BC-A233-8F965090DD02}.Debug|Any CPU.Build.0 = Debug|Any CPU
		{3D56E7D4-46C8-42BC-A233-8F965090DD02}.Debug|x64.ActiveCfg = Debug|Any CPU
		{3D56E7D4-46C8-42BC-A233-8F965090DD02}.Debug|x64.Build.0 = Debug|Any CPU
		{3D56E7D4-46C8-42BC-A233-8F965090DD02}.Debug|x86.ActiveCfg = Debug|Any CPU
		{3D56E7D4-46C8-42BC-A233-8F965090DD02}.Debug|x86.Build.0 = Debug|Any CPU
		{3D56E7D4-46C8-42BC-A233-8F965090DD02}.Release|Any CPU.ActiveCfg = Release|Any CPU
		{3D56E7D4-46C8-42BC-A233-8F965090DD02}.Release|Any CPU.Build.0 = Release|Any CPU
		{3D56E7D4-46C8-42BC-A233-8F965090DD02}.Release|x64.ActiveCfg = Release|Any CPU
		{3D56E7D4-46C8-42BC-A233-8F965090DD02}.Release|x64.Build.0 = Release|Any CPU
		{3D56E7D4-46C8-42BC-A233-8F965090DD02}.Release|x86.ActiveCfg = Release|Any CPU
		{3D56E7D4-46C8-42BC-A233-8F965090DD02}.Release|x86.Build.0 = Release|Any CPU
		{B853EC96-FD9E-4C7B-96DF-6DF997F6981C}.Debug|Any CPU.ActiveCfg = Debug|Any CPU
		{B853EC96-FD9E-4C7B-96DF-6DF997F6981C}.Debug|Any CPU.Build.0 = Debug|Any CPU
		{B853EC96-FD9E-4C7B-96DF-6DF997F6981C}.Debug|x64.ActiveCfg = Debug|Any CPU
		{B853EC96-FD9E-4C7B-96DF-6DF997F6981C}.Debug|x64.Build.0 = Debug|Any CPU
		{B853EC96-FD9E-4C7B-96DF-6DF997F6981C}.Debug|x86.ActiveCfg = Debug|Any CPU
		{B853EC96-FD9E-4C7B-96DF-6DF997F6981C}.Debug|x86.Build.0 = Debug|Any CPU
		{B853EC96-FD9E-4C7B-96DF-6DF997F6981C}.Release|Any CPU.ActiveCfg = Release|Any CPU
		{B853EC96-FD9E-4C7B-96DF-6DF997F6981C}.Release|Any CPU.Build.0 = Release|Any CPU
		{B853EC96-FD9E-4C7B-96DF-6DF997F6981C}.Release|x64.ActiveCfg = Release|Any CPU
		{B853EC96-FD9E-4C7B-96DF-6DF997F6981C}.Release|x64.Build.0 = Release|Any CPU
		{B853EC96-FD9E-4C7B-96DF-6DF997F6981C}.Release|x86.ActiveCfg = Release|Any CPU
		{B853EC96-FD9E-4C7B-96DF-6DF997F6981C}.Release|x86.Build.0 = Release|Any CPU
		{29C897AE-4A76-443C-BE0E-4A7AB4C8615E}.Debug|Any CPU.ActiveCfg = Debug|Any CPU
		{29C897AE-4A76-443C-BE0E-4A7AB4C8615E}.Debug|Any CPU.Build.0 = Debug|Any CPU
		{29C897AE-4A76-443C-BE0E-4A7AB4C8615E}.Debug|x64.ActiveCfg = Debug|Any CPU
		{29C897AE-4A76-443C-BE0E-4A7AB4C8615E}.Debug|x64.Build.0 = Debug|Any CPU
		{29C897AE-4A76-443C-BE0E-4A7AB4C8615E}.Debug|x86.ActiveCfg = Debug|Any CPU
		{29C897AE-4A76-443C-BE0E-4A7AB4C8615E}.Debug|x86.Build.0 = Debug|Any CPU
		{29C897AE-4A76-443C-BE0E-4A7AB4C8615E}.Release|Any CPU.ActiveCfg = Release|Any CPU
		{29C897AE-4A76-443C-BE0E-4A7AB4C8615E}.Release|Any CPU.Build.0 = Release|Any CPU
		{29C897AE-4A76-443C-BE0E-4A7AB4C8615E}.Release|x64.ActiveCfg = Release|Any CPU
		{29C897AE-4A76-443C-BE0E-4A7AB4C8615E}.Release|x64.Build.0 = Release|Any CPU
		{29C897AE-4A76-443C-BE0E-4A7AB4C8615E}.Release|x86.ActiveCfg = Release|Any CPU
		{29C897AE-4A76-443C-BE0E-4A7AB4C8615E}.Release|x86.Build.0 = Release|Any CPU
	EndGlobalSection
	GlobalSection(SolutionProperties) = preSolution
		HideSolutionNode = FALSE
	EndGlobalSection
	GlobalSection(NestedProjects) = preSolution
		{30F576B3-064C-4B67-BFC1-640753C2C878} = {827E0CD3-B72D-47B6-A68D-7590B98EB39B}
		{89B93048-4BF3-4AF4-839A-F677FFA126E1} = {827E0CD3-B72D-47B6-A68D-7590B98EB39B}
		{2DF37B0D-8122-4837-8586-8E000616847C} = {827E0CD3-B72D-47B6-A68D-7590B98EB39B}
		{3D56E7D4-46C8-42BC-A233-8F965090DD02} = {827E0CD3-B72D-47B6-A68D-7590B98EB39B}
		{B853EC96-FD9E-4C7B-96DF-6DF997F6981C} = {827E0CD3-B72D-47B6-A68D-7590B98EB39B}
		{29C897AE-4A76-443C-BE0E-4A7AB4C8615E} = {827E0CD3-B72D-47B6-A68D-7590B98EB39B}
	EndGlobalSection
EndGlobal
